// !$*UTF8*$!
{
	archiveVersion = 1;
	classes = {
	};
	objectVersion = 48;
	objects = {

/* Begin PBXBuildFile section */
		3E62450B1FBFC6E9008E015B /* plugboard.cpp in Sources */ = {isa = PBXBuildFile; fileRef = 3E6245091FBFC6E9008E015B /* plugboard.cpp */; };
		3E62450E1FBFC770008E015B /* reflector.cpp in Sources */ = {isa = PBXBuildFile; fileRef = 3E62450C1FBFC770008E015B /* reflector.cpp */; };
		3E6245111FBFC7C5008E015B /* rotor.cpp in Sources */ = {isa = PBXBuildFile; fileRef = 3E62450F1FBFC7C5008E015B /* rotor.cpp */; };
		3E6245141FBFC9BB008E015B /* enigma.cpp in Sources */ = {isa = PBXBuildFile; fileRef = 3E6245121FBFC9BB008E015B /* enigma.cpp */; };
		3EEB66511FBCDAD4002D26DB /* main.cpp in Sources */ = {isa = PBXBuildFile; fileRef = 3EEB66501FBCDAD4002D26DB /* main.cpp */; };
/* End PBXBuildFile section */

/* Begin PBXCopyFilesBuildPhase section */
		3EEB664B1FBCDAD4002D26DB /* CopyFiles */ = {
			isa = PBXCopyFilesBuildPhase;
			buildActionMask = 2147483647;
			dstPath = /usr/share/man/man1/;
			dstSubfolderSpec = 0;
			files = (
			);
			runOnlyForDeploymentPostprocessing = 1;
		};
/* End PBXCopyFilesBuildPhase section */

/* Begin PBXFileReference section */
		3E6245091FBFC6E9008E015B /* plugboard.cpp */ = {isa = PBXFileReference; lastKnownFileType = sourcecode.cpp.cpp; path = plugboard.cpp; sourceTree = "<group>"; };
		3E62450A1FBFC6E9008E015B /* plugboard.hpp */ = {isa = PBXFileReference; lastKnownFileType = sourcecode.cpp.h; path = plugboard.hpp; sourceTree = "<group>"; };
		3E62450C1FBFC770008E015B /* reflector.cpp */ = {isa = PBXFileReference; lastKnownFileType = sourcecode.cpp.cpp; path = reflector.cpp; sourceTree = "<group>"; };
		3E62450D1FBFC770008E015B /* reflector.hpp */ = {isa = PBXFileReference; lastKnownFileType = sourcecode.cpp.h; path = reflector.hpp; sourceTree = "<group>"; };
		3E62450F1FBFC7C5008E015B /* rotor.cpp */ = {isa = PBXFileReference; lastKnownFileType = sourcecode.cpp.cpp; path = rotor.cpp; sourceTree = "<group>"; };
		3E6245101FBFC7C5008E015B /* rotor.hpp */ = {isa = PBXFileReference; lastKnownFileType = sourcecode.cpp.h; path = rotor.hpp; sourceTree = "<group>"; };
		3E6245121FBFC9BB008E015B /* enigma.cpp */ = {isa = PBXFileReference; lastKnownFileType = sourcecode.cpp.cpp; path = enigma.cpp; sourceTree = "<group>"; };
		3E6245131FBFC9BB008E015B /* enigma.hpp */ = {isa = PBXFileReference; lastKnownFileType = sourcecode.cpp.h; path = enigma.hpp; sourceTree = "<group>"; };
		3E6245151FBFD289008E015B /* globals.h */ = {isa = PBXFileReference; lastKnownFileType = sourcecode.c.h; path = globals.h; sourceTree = "<group>"; };
		3EEB664D1FBCDAD4002D26DB /* enigma */ = {isa = PBXFileReference; explicitFileType = "compiled.mach-o.executable"; includeInIndex = 0; path = enigma; sourceTree = BUILT_PRODUCTS_DIR; };
		3EEB66501FBCDAD4002D26DB /* main.cpp */ = {isa = PBXFileReference; lastKnownFileType = sourcecode.cpp.cpp; path = main.cpp; sourceTree = "<group>"; };
		3EEB66571FBCDCAF002D26DB /* errors.h */ = {isa = PBXFileReference; lastKnownFileType = sourcecode.c.h; path = errors.h; sourceTree = "<group>"; };
/* End PBXFileReference section */

/* Begin PBXFrameworksBuildPhase section */
		3EEB664A1FBCDAD4002D26DB /* Frameworks */ = {
			isa = PBXFrameworksBuildPhase;
			buildActionMask = 2147483647;
			files = (
			);
			runOnlyForDeploymentPostprocessing = 0;
		};
/* End PBXFrameworksBuildPhase section */

/* Begin PBXGroup section */
		3EEB66441FBCDAD4002D26DB = {
			isa = PBXGroup;
			children = (
				3EEB664F1FBCDAD4002D26DB /* enigma */,
				3EEB664E1FBCDAD4002D26DB /* Products */,
			);
			sourceTree = "<group>";
		};
		3EEB664E1FBCDAD4002D26DB /* Products */ = {
			isa = PBXGroup;
			children = (
				3EEB664D1FBCDAD4002D26DB /* enigma */,
			);
			name = Products;
			sourceTree = "<group>";
		};
		3EEB664F1FBCDAD4002D26DB /* enigma */ = {
			isa = PBXGroup;
			children = (
				3EEB66571FBCDCAF002D26DB /* errors.h */,
				3E6245151FBFD289008E015B /* globals.h */,
				3EEB66501FBCDAD4002D26DB /* main.cpp */,
				3E6245091FBFC6E9008E015B /* plugboard.cpp */,
				3E62450A1FBFC6E9008E015B /* plugboard.hpp */,
				3E62450C1FBFC770008E015B /* reflector.cpp */,
				3E62450D1FBFC770008E015B /* reflector.hpp */,
				3E62450F1FBFC7C5008E015B /* rotor.cpp */,
				3E6245101FBFC7C5008E015B /* rotor.hpp */,
				3E6245121FBFC9BB008E015B /* enigma.cpp */,
				3E6245131FBFC9BB008E015B /* enigma.hpp */,
			);
			path = enigma;
			sourceTree = "<group>";
		};
/* End PBXGroup section */

/* Begin PBXNativeTarget section */
		3EEB664C1FBCDAD4002D26DB /* enigma */ = {
			isa = PBXNativeTarget;
			buildConfigurationList = 3EEB66541FBCDAD4002D26DB /* Build configuration list for PBXNativeTarget "enigma" */;
			buildPhases = (
				3EEB66491FBCDAD4002D26DB /* Sources */,
				3EEB664A1FBCDAD4002D26DB /* Frameworks */,
				3EEB664B1FBCDAD4002D26DB /* CopyFiles */,
			);
			buildRules = (
			);
			dependencies = (
			);
			name = enigma;
			productName = enigma;
			productReference = 3EEB664D1FBCDAD4002D26DB /* enigma */;
			productType = "com.apple.product-type.tool";
		};
/* End PBXNativeTarget section */

/* Begin PBXProject section */
		3EEB66451FBCDAD4002D26DB /* Project object */ = {
			isa = PBXProject;
			attributes = {
				LastUpgradeCheck = 0910;
				ORGANIZATIONNAME = "Joseph Kalash";
				TargetAttributes = {
					3EEB664C1FBCDAD4002D26DB = {
						CreatedOnToolsVersion = 9.1;
						ProvisioningStyle = Automatic;
					};
				};
			};
			buildConfigurationList = 3EEB66481FBCDAD4002D26DB /* Build configuration list for PBXProject "enigma" */;
			compatibilityVersion = "Xcode 8.0";
			developmentRegion = en;
			hasScannedForEncodings = 0;
			knownRegions = (
				en,
			);
			mainGroup = 3EEB66441FBCDAD4002D26DB;
			productRefGroup = 3EEB664E1FBCDAD4002D26DB /* Products */;
			projectDirPath = "";
			projectRoot = "";
			targets = (
				3EEB664C1FBCDAD4002D26DB /* enigma */,
			);
		};
/* End PBXProject section */

/* Begin PBXSourcesBuildPhase section */
		3EEB66491FBCDAD4002D26DB /* Sources */ = {
			isa = PBXSourcesBuildPhase;
			buildActionMask = 2147483647;
			files = (
				3E6245111FBFC7C5008E015B /* rotor.cpp in Sources */,
				3E62450E1FBFC770008E015B /* reflector.cpp in Sources */,
				3E62450B1FBFC6E9008E015B /* plugboard.cpp in Sources */,
				3EEB66511FBCDAD4002D26DB /* main.cpp in Sources */,
				3E6245141FBFC9BB008E015B /* enigma.cpp in Sources */,
			);
			runOnlyForDeploymentPostprocessing = 0;
		};
/* End PBXSourcesBuildPhase section */

/* Begin XCBuildConfiguration section */
		3EEB66521FBCDAD4002D26DB /* Debug */ = {
			isa = XCBuildConfiguration;
			buildSettings = {
				ALWAYS_SEARCH_USER_PATHS = NO;
				CLANG_ANALYZER_NONNULL = YES;
				CLANG_ANALYZER_NUMBER_OBJECT_CONVERSION = YES_AGGRESSIVE;
				CLANG_CXX_LANGUAGE_STANDARD = "gnu++14";
				CLANG_CXX_LIBRARY = "libc++";
				CLANG_ENABLE_MODULES = YES;
				CLANG_ENABLE_OBJC_ARC = YES;
				CLANG_WARN_BLOCK_CAPTURE_AUTORELEASING = YES;
				CLANG_WARN_BOOL_CONVERSION = YES;
				CLANG_WARN_COMMA = YES;
				CLANG_WARN_CONSTANT_CONVERSION = YES;
				CLANG_WARN_DIRECT_OBJC_ISA_USAGE = YES_ERROR;
				CLANG_WARN_DOCUMENTATION_COMMENTS = YES;
				CLANG_WARN_EMPTY_BODY = YES;
				CLANG_WARN_ENUM_CONVERSION = YES;
				CLANG_WARN_INFINITE_RECURSION = YES;
				CLANG_WARN_INT_CONVERSION = YES;
				CLANG_WARN_NON_LITERAL_NULL_CONVERSION = YES;
				CLANG_WARN_OBJC_LITERAL_CONVERSION = YES;
				CLANG_WARN_OBJC_ROOT_CLASS = YES_ERROR;
				CLANG_WARN_RANGE_LOOP_ANALYSIS = YES;
				CLANG_WARN_STRICT_PROTOTYPES = YES;
				CLANG_WARN_SUSPICIOUS_MOVE = YES;
				CLANG_WARN_UNGUARDED_AVAILABILITY = YES_AGGRESSIVE;
				CLANG_WARN_UNREACHABLE_CODE = YES;
				CLANG_WARN__DUPLICATE_METHOD_MATCH = YES;
				CODE_SIGN_IDENTITY = "Mac Developer";
				COPY_PHASE_STRIP = NO;
				DEBUG_INFORMATION_FORMAT = dwarf;
				ENABLE_STRICT_OBJC_MSGSEND = YES;
				ENABLE_TESTABILITY = YES;
				GCC_C_LANGUAGE_STANDARD = gnu11;
				GCC_DYNAMIC_NO_PIC = NO;
				GCC_NO_COMMON_BLOCKS = YES;
				GCC_OPTIMIZATION_LEVEL = 0;
				GCC_PREPROCESSOR_DEFINITIONS = (
					"DEBUG=1",
					"$(inherited)",
				);
				GCC_WARN_64_TO_32_BIT_CONVERSION = YES;
				GCC_WARN_ABOUT_RETURN_TYPE = YES_ERROR;
				GCC_WARN_UNDECLARED_SELECTOR = YES;
				GCC_WARN_UNINITIALIZED_AUTOS = YES_AGGRESSIVE;
				GCC_WARN_UNUSED_FUNCTION = YES;
				GCC_WARN_UNUSED_VARIABLE = YES;
				MACOSX_DEPLOYMENT_TARGET = 10.13;
				MTL_ENABLE_DEBUG_INFO = YES;
				ONLY_ACTIVE_ARCH = YES;
				SDKROOT = macosx;
			};
			name = Debug;
		};
		3EEB66531FBCDAD4002D26DB /* Release */ = {
			isa = XCBuildConfiguration;
			buildSettings = {
				ALWAYS_SEARCH_USER_PATHS = NO;
				CLANG_ANALYZER_NONNULL = YES;
				CLANG_ANALYZER_NUMBER_OBJECT_CONVERSION = YES_AGGRESSIVE;
				CLANG_CXX_LANGUAGE_STANDARD = "gnu++14";
				CLANG_CXX_LIBRARY = "libc++";
				CLANG_ENABLE_MODULES = YES;
				CLANG_ENABLE_OBJC_ARC = YES;
				CLANG_WARN_BLOCK_CAPTURE_AUTORELEASING = YES;
				CLANG_WARN_BOOL_CONVERSION = YES;
				CLANG_WARN_COMMA = YES;
				CLANG_WARN_CONSTANT_CONVERSION = YES;
				CLANG_WARN_DIRECT_OBJC_ISA_USAGE = YES_ERROR;
				CLANG_WARN_DOCUMENTATION_COMMENTS = YES;
				CLANG_WARN_EMPTY_BODY = YES;
				CLANG_WARN_ENUM_CONVERSION = YES;
				CLANG_WARN_INFINITE_RECURSION = YES;
				CLANG_WARN_INT_CONVERSION = YES;
				CLANG_WARN_NON_LITERAL_NULL_CONVERSION = YES;
				CLANG_WARN_OBJC_LITERAL_CONVERSION = YES;
				CLANG_WARN_OBJC_ROOT_CLASS = YES_ERROR;
				CLANG_WARN_RANGE_LOOP_ANALYSIS = YES;
				CLANG_WARN_STRICT_PROTOTYPES = YES;
				CLANG_WARN_SUSPICIOUS_MOVE = YES;
				CLANG_WARN_UNGUARDED_AVAILABILITY = YES_AGGRESSIVE;
				CLANG_WARN_UNREACHABLE_CODE = YES;
				CLANG_WARN__DUPLICATE_METHOD_MATCH = YES;
				CODE_SIGN_IDENTITY = "Mac Developer";
				COPY_PHASE_STRIP = NO;
				DEBUG_INFORMATION_FORMAT = "dwarf-with-dsym";
				ENABLE_NS_ASSERTIONS = NO;
				ENABLE_STRICT_OBJC_MSGSEND = YES;
				GCC_C_LANGUAGE_STANDARD = gnu11;
				GCC_NO_COMMON_BLOCKS = YES;
				GCC_WARN_64_TO_32_BIT_CONVERSION = YES;
				GCC_WARN_ABOUT_RETURN_TYPE = YES_ERROR;
				GCC_WARN_UNDECLARED_SELECTOR = YES;
				GCC_WARN_UNINITIALIZED_AUTOS = YES_AGGRESSIVE;
				GCC_WARN_UNUSED_FUNCTION = YES;
				GCC_WARN_UNUSED_VARIABLE = YES;
				MACOSX_DEPLOYMENT_TARGET = 10.13;
				MTL_ENABLE_DEBUG_INFO = NO;
				SDKROOT = macosx;
			};
			name = Release;
		};
		3EEB66551FBCDAD4002D26DB /* Debug */ = {
			isa = XCBuildConfiguration;
			buildSettings = {
				CODE_SIGN_STYLE = Automatic;
				DEVELOPMENT_TEAM = 43S54AHEMG;
				PRODUCT_NAME = "$(TARGET_NAME)";
			};
			name = Debug;
		};
		3EEB66561FBCDAD4002D26DB /* Release */ = {
			isa = XCBuildConfiguration;
			buildSettings = {
				CODE_SIGN_STYLE = Automatic;
				DEVELOPMENT_TEAM = 43S54AHEMG;
				PRODUCT_NAME = "$(TARGET_NAME)";
			};
			name = Release;
		};
/* End XCBuildConfiguration section */

/* Begin XCConfigurationList section */
		3EEB66481FBCDAD4002D26DB /* Build configuration list for PBXProject "enigma" */ = {
			isa = XCConfigurationList;
			buildConfigurations = (
				3EEB66521FBCDAD4002D26DB /* Debug */,
				3EEB66531FBCDAD4002D26DB /* Release */,
			);
			defaultConfigurationIsVisible = 0;
			defaultConfigurationName = Release;
		};
		3EEB66541FBCDAD4002D26DB /* Build configuration list for PBXNativeTarget "enigma" */ = {
			isa = XCConfigurationList;
			buildConfigurations = (
				3EEB66551FBCDAD4002D26DB /* Debug */,
				3EEB66561FBCDAD4002D26DB /* Release */,
			);
			defaultConfigurationIsVisible = 0;
			defaultConfigurationName = Release;
		};
/* End XCConfigurationList section */
	};
	rootObject = 3EEB66451FBCDAD4002D26DB /* Project object */;
}
